
Microsoft Visual Studio Solution File, Format Version 12.00
Project("{FAE04EC0-301F-11D3-BF4B-00C04F79EFBC}") = "HotelListing.API", "HotelListing.API\HotelListing.API.csproj", "{221B420E-C005-44AF-A48B-A27D7CD02354}"
EndProject
Global
	GlobalSection(SolutionConfigurationPlatforms) = preSolution
		Debug|Any CPU = Debug|Any CPU
		Release|Any CPU = Release|Any CPU
	EndGlobalSection
	GlobalSection(ProjectConfigurationPlatforms) = postSolution
		{221B420E-C005-44AF-A48B-A27D7CD02354}.Debug|Any CPU.ActiveCfg = Debug|Any CPU
		{221B420E-C005-44AF-A48B-A27D7CD02354}.Debug|Any CPU.Build.0 = Debug|Any CPU
		{221B420E-C005-44AF-A48B-A27D7CD02354}.Release|Any CPU.ActiveCfg = Release|Any CPU
		{221B420E-C005-44AF-A48B-A27D7CD02354}.Release|Any CPU.Build.0 = Release|Any CPU
	EndGlobalSection
EndGlobal
